
Microsoft Visual Studio Solution File, Format Version 12.00
# Visual Studio Version 17
VisualStudioVersion = 17.2.32516.85
MinimumVisualStudioVersion = 10.0.40219.1
Project("{FAE04EC0-301F-11D3-BF4B-00C04F79EFBC}") = "MvcCoreMinimalApi", "MvcCoreMinimalApi\MvcCoreMinimalApi.csproj", "{0390AE1D-8199-4495-B291-B927979A69A3}"
EndProject
Global
	GlobalSection(SolutionConfigurationPlatforms) = preSolution
		Debug|Any CPU = Debug|Any CPU
		Release|Any CPU = Release|Any CPU
	EndGlobalSection
	GlobalSection(ProjectConfigurationPlatforms) = postSolution
		{0390AE1D-8199-4495-B291-B927979A69A3}.Debug|Any CPU.ActiveCfg = Debug|Any CPU
		{0390AE1D-8199-4495-B291-B927979A69A3}.Debug|Any CPU.Build.0 = Debug|Any CPU
		{0390AE1D-8199-4495-B291-B927979A69A3}.Release|Any CPU.ActiveCfg = Release|Any CPU
		{0390AE1D-8199-4495-B291-B927979A69A3}.Release|Any CPU.Build.0 = Release|Any CPU
	EndGlobalSection
	GlobalSection(SolutionProperties) = preSolution
		HideSolutionNode = FALSE
	EndGlobalSection
	GlobalSection(ExtensibilityGlobals) = postSolution
		SolutionGuid = {E8DCE2A7-5392-4003-BECE-484704E755C5}
	EndGlobalSection
EndGlobal
